
Microsoft Visual Studio Solution File, Format Version 11.00
# Visual Studio 2010
Project("{FAE04EC0-301F-11D3-BF4B-00C04F79EFBC}") = "Assembly-CSharp", "Assembly-CSharp.csproj", "{aa138c80-c22e-e546-b4ef-2eee9bad07c4}"
EndProject
Global
	GlobalSection(SolutionConfigurationPlatforms) = preSolution
		Debug|Any CPU = Debug|Any CPU
		Release|Any CPU = Release|Any CPU
	EndGlobalSection
	GlobalSection(ProjectConfigurationPlatforms) = postSolution
		{aa138c80-c22e-e546-b4ef-2eee9bad07c4}.Debug|Any CPU.ActiveCfg = Debug|Any CPU
		{aa138c80-c22e-e546-b4ef-2eee9bad07c4}.Debug|Any CPU.Build.0 = Debug|Any CPU
		{aa138c80-c22e-e546-b4ef-2eee9bad07c4}.Release|Any CPU.ActiveCfg = Release|Any CPU
		{aa138c80-c22e-e546-b4ef-2eee9bad07c4}.Release|Any CPU.Build.0 = Release|Any CPU
	EndGlobalSection
	GlobalSection(SolutionProperties) = preSolution
		HideSolutionNode = FALSE
	EndGlobalSection
EndGlobal
